// !$*UTF8*$!
{
	archiveVersion = 1;
	classes = {
	};
	objectVersion = 77;
	objects = {

/* Begin PBXContainerItemProxy section */
		B6023DDA2DECCF2F005C3BA3 /* PBXContainerItemProxy */ = {
			isa = PBXContainerItemProxy;
			containerPortal = B6023DC42DECCF2E005C3BA3 /* Project object */;
			proxyType = 1;
			remoteGlobalIDString = B6023DCB2DECCF2E005C3BA3;
			remoteInfo = mitgliederinfo;
		};
		B6023DE42DECCF2F005C3BA3 /* PBXContainerItemProxy */ = {
			isa = PBXContainerItemProxy;
			containerPortal = B6023DC42DECCF2E005C3BA3 /* Project object */;
			proxyType = 1;
			remoteGlobalIDString = B6023DCB2DECCF2E005C3BA3;
			remoteInfo = mitgliederinfo;
		};
/* End PBXContainerItemProxy section */

/* Begin PBXFileReference section */
		B6023DCC2DECCF2E005C3BA3 /* mitgliederinfo.app */ = {isa = PBXFileReference; explicitFileType = wrapper.application; includeInIndex = 0; path = mitgliederinfo.app; sourceTree = BUILT_PRODUCTS_DIR; };
		B6023DD92DECCF2F005C3BA3 /* mitgliederinfoTests.xctest */ = {isa = PBXFileReference; explicitFileType = wrapper.cfbundle; includeInIndex = 0; path = mitgliederinfoTests.xctest; sourceTree = BUILT_PRODUCTS_DIR; };
		B6023DE32DECCF2F005C3BA3 /* mitgliederinfoUITests.xctest */ = {isa = PBXFileReference; explicitFileType = wrapper.cfbundle; includeInIndex = 0; path = mitgliederinfoUITests.xctest; sourceTree = BUILT_PRODUCTS_DIR; };
/* End PBXFileReference section */

/* Begin PBXFileSystemSynchronizedRootGroup section */
		B6023DCE2DECCF2E005C3BA3 /* mitgliederinfo */ = {
			isa = PBXFileSystemSynchronizedRootGroup;
			path = mitgliederinfo;
			sourceTree = "<group>";
		};
		B6023DDC2DECCF2F005C3BA3 /* mitgliederinfoTests */ = {
			isa = PBXFileSystemSynchronizedRootGroup;
			path = mitgliederinfoTests;
			sourceTree = "<group>";
		};
		B6023DE62DECCF2F005C3BA3 /* mitgliederinfoUITests */ = {
			isa = PBXFileSystemSynchronizedRootGroup;
			path = mitgliederinfoUITests;
			sourceTree = "<group>";
		};
/* End PBXFileSystemSynchronizedRootGroup section */

/* Begin PBXFrameworksBuildPhase section */
		B6023DC92DECCF2E005C3BA3 /* Frameworks */ = {
			isa = PBXFrameworksBuildPhase;
			buildActionMask = 2147483647;
			files = (
			);
			runOnlyForDeploymentPostprocessing = 0;
		};
		B6023DD62DECCF2F005C3BA3 /* Frameworks */ = {
			isa = PBXFrameworksBuildPhase;
			buildActionMask = 2147483647;
			files = (
			);
			runOnlyForDeploymentPostprocessing = 0;
		};
		B6023DE02DECCF2F005C3BA3 /* Frameworks */ = {
			isa = PBXFrameworksBuildPhase;
			buildActionMask = 2147483647;
			files = (
			);
			runOnlyForDeploymentPostprocessing = 0;
		};
/* End PBXFrameworksBuildPhase section */

/* Begin PBXGroup section */
		B6023DC32DECCF2E005C3BA3 = {
			isa = PBXGroup;
			children = (
				B6023DCE2DECCF2E005C3BA3 /* mitgliederinfo */,
				B6023DDC2DECCF2F005C3BA3 /* mitgliederinfoTests */,
				B6023DE62DECCF2F005C3BA3 /* mitgliederinfoUITests */,
				B6023DCD2DECCF2E005C3BA3 /* Products */,
			);
			sourceTree = "<group>";
		};
		B6023DCD2DECCF2E005C3BA3 /* Products */ = {
			isa = PBXGroup;
			children = (
				B6023DCC2DECCF2E005C3BA3 /* mitgliederinfo.app */,
				B6023DD92DECCF2F005C3BA3 /* mitgliederinfoTests.xctest */,
				B6023DE32DECCF2F005C3BA3 /* mitgliederinfoUITests.xctest */,
			);
			name = Products;
			sourceTree = "<group>";
		};
/* End PBXGroup section */

/* Begin PBXNativeTarget section */
		B6023DCB2DECCF2E005C3BA3 /* mitgliederinfo */ = {
			isa = PBXNativeTarget;
			buildConfigurationList = B6023DED2DECCF2F005C3BA3 /* Build configuration list for PBXNativeTarget "mitgliederinfo" */;
			buildPhases = (
				B6023DC82DECCF2E005C3BA3 /* Sources */,
				B6023DC92DECCF2E005C3BA3 /* Frameworks */,
				B6023DCA2DECCF2E005C3BA3 /* Resources */,
			);
			buildRules = (
			);
			dependencies = (
			);
			fileSystemSynchronizedGroups = (
				B6023DCE2DECCF2E005C3BA3 /* mitgliederinfo */,
			);
			name = mitgliederinfo;
			packageProductDependencies = (
			);
			productName = mitgliederinfo;
			productReference = B6023DCC2DECCF2E005C3BA3 /* mitgliederinfo.app */;
			productType = "com.apple.product-type.application";
		};
		B6023DD82DECCF2F005C3BA3 /* mitgliederinfoTests */ = {
			isa = PBXNativeTarget;
			buildConfigurationList = B6023DF02DECCF2F005C3BA3 /* Build configuration list for PBXNativeTarget "mitgliederinfoTests" */;
			buildPhases = (
				B6023DD52DECCF2F005C3BA3 /* Sources */,
				B6023DD62DECCF2F005C3BA3 /* Frameworks */,
				B6023DD72DECCF2F005C3BA3 /* Resources */,
			);
			buildRules = (
			);
			dependencies = (
				B6023DDB2DECCF2F005C3BA3 /* PBXTargetDependency */,
			);
			fileSystemSynchronizedGroups = (
				B6023DDC2DECCF2F005C3BA3 /* mitgliederinfoTests */,
			);
			name = mitgliederinfoTests;
			packageProductDependencies = (
			);
			productName = mitgliederinfoTests;
			productReference = B6023DD92DECCF2F005C3BA3 /* mitgliederinfoTests.xctest */;
			productType = "com.apple.product-type.bundle.unit-test";
		};
		B6023DE22DECCF2F005C3BA3 /* mitgliederinfoUITests */ = {
			isa = PBXNativeTarget;
			buildConfigurationList = B6023DF32DECCF2F005C3BA3 /* Build configuration list for PBXNativeTarget "mitgliederinfoUITests" */;
			buildPhases = (
				B6023DDF2DECCF2F005C3BA3 /* Sources */,
				B6023DE02DECCF2F005C3BA3 /* Frameworks */,
				B6023DE12DECCF2F005C3BA3 /* Resources */,
			);
			buildRules = (
			);
			dependencies = (
				B6023DE52DECCF2F005C3BA3 /* PBXTargetDependency */,
			);
			fileSystemSynchronizedGroups = (
				B6023DE62DECCF2F005C3BA3 /* mitgliederinfoUITests */,
			);
			name = mitgliederinfoUITests;
			packageProductDependencies = (
			);
			productName = mitgliederinfoUITests;
			productReference = B6023DE32DECCF2F005C3BA3 /* mitgliederinfoUITests.xctest */;
			productType = "com.apple.product-type.bundle.ui-testing";
		};
/* End PBXNativeTarget section */

/* Begin PBXProject section */
		B6023DC42DECCF2E005C3BA3 /* Project object */ = {
			isa = PBXProject;
			attributes = {
				BuildIndependentTargetsInParallel = 1;
				LastSwiftUpdateCheck = 1640;
				LastUpgradeCheck = 1640;
				TargetAttributes = {
					B6023DCB2DECCF2E005C3BA3 = {
						CreatedOnToolsVersion = 16.4;
					};
					B6023DD82DECCF2F005C3BA3 = {
						CreatedOnToolsVersion = 16.4;
						TestTargetID = B6023DCB2DECCF2E005C3BA3;
					};
					B6023DE22DECCF2F005C3BA3 = {
						CreatedOnToolsVersion = 16.4;
						TestTargetID = B6023DCB2DECCF2E005C3BA3;
					};
				};
			};
			buildConfigurationList = B6023DC72DECCF2E005C3BA3 /* Build configuration list for PBXProject "mitgliederinfo" */;
			developmentRegion = en;
			hasScannedForEncodings = 0;
			knownRegions = (
				en,
				Base,
			);
			mainGroup = B6023DC32DECCF2E005C3BA3;
			minimizedProjectReferenceProxies = 1;
			preferredProjectObjectVersion = 77;
			productRefGroup = B6023DCD2DECCF2E005C3BA3 /* Products */;
			projectDirPath = "";
			projectRoot = "";
			targets = (
				B6023DCB2DECCF2E005C3BA3 /* mitgliederinfo */,
				B6023DD82DECCF2F005C3BA3 /* mitgliederinfoTests */,
				B6023DE22DECCF2F005C3BA3 /* mitgliederinfoUITests */,
			);
		};
/* End PBXProject section */

/* Begin PBXResourcesBuildPhase section */
		B6023DCA2DECCF2E005C3BA3 /* Resources */ = {
			isa = PBXResourcesBuildPhase;
			buildActionMask = 2147483647;
			files = (
			);
			runOnlyForDeploymentPostprocessing = 0;
		};
		B6023DD72DECCF2F005C3BA3 /* Resources */ = {
			isa = PBXResourcesBuildPhase;
			buildActionMask = 2147483647;
			files = (
			);
			runOnlyForDeploymentPostprocessing = 0;
		};
		B6023DE12DECCF2F005C3BA3 /* Resources */ = {
			isa = PBXResourcesBuildPhase;
			buildActionMask = 2147483647;
			files = (
			);
			runOnlyForDeploymentPostprocessing = 0;
		};
/* End PBXResourcesBuildPhase section */

/* Begin PBXSourcesBuildPhase section */
		B6023DC82DECCF2E005C3BA3 /* Sources */ = {
			isa = PBXSourcesBuildPhase;
			buildActionMask = 2147483647;
			files = (
			);
			runOnlyForDeploymentPostprocessing = 0;
		};
		B6023DD52DECCF2F005C3BA3 /* Sources */ = {
			isa = PBXSourcesBuildPhase;
			buildActionMask = 2147483647;
			files = (
			);
			runOnlyForDeploymentPostprocessing = 0;
		};
		B6023DDF2DECCF2F005C3BA3 /* Sources */ = {
			isa = PBXSourcesBuildPhase;
			buildActionMask = 2147483647;
			files = (
			);
			runOnlyForDeploymentPostprocessing = 0;
		};
/* End PBXSourcesBuildPhase section */

/* Begin PBXTargetDependency section */
		B6023DDB2DECCF2F005C3BA3 /* PBXTargetDependency */ = {
			isa = PBXTargetDependency;
			target = B6023DCB2DECCF2E005C3BA3 /* mitgliederinfo */;
			targetProxy = B6023DDA2DECCF2F005C3BA3 /* PBXContainerItemProxy */;
		};
		B6023DE52DECCF2F005C3BA3 /* PBXTargetDependency */ = {
			isa = PBXTargetDependency;
			target = B6023DCB2DECCF2E005C3BA3 /* mitgliederinfo */;
			targetProxy = B6023DE42DECCF2F005C3BA3 /* PBXContainerItemProxy */;
		};
/* End PBXTargetDependency section */

/* Begin XCBuildConfiguration section */
		B6023DEB2DECCF2F005C3BA3 /* Debug */ = {
			isa = XCBuildConfiguration;
			buildSettings = {
				ALWAYS_SEARCH_USER_PATHS = NO;
				ASSETCATALOG_COMPILER_GENERATE_SWIFT_ASSET_SYMBOL_EXTENSIONS = YES;
				CLANG_ANALYZER_NONNULL = YES;
				CLANG_ANALYZER_NUMBER_OBJECT_CONVERSION = YES_AGGRESSIVE;
				CLANG_CXX_LANGUAGE_STANDARD = "gnu++20";
				CLANG_ENABLE_MODULES = YES;
				CLANG_ENABLE_OBJC_ARC = YES;
				CLANG_ENABLE_OBJC_WEAK = YES;
				CLANG_WARN_BLOCK_CAPTURE_AUTORELEASING = YES;
				CLANG_WARN_BOOL_CONVERSION = YES;
				CLANG_WARN_COMMA = YES;
				CLANG_WARN_CONSTANT_CONVERSION = YES;
				CLANG_WARN_DEPRECATED_OBJC_IMPLEMENTATIONS = YES;
				CLANG_WARN_DIRECT_OBJC_ISA_USAGE = YES_ERROR;
				CLANG_WARN_DOCUMENTATION_COMMENTS = YES;
				CLANG_WARN_EMPTY_BODY = YES;
				CLANG_WARN_ENUM_CONVERSION = YES;
				CLANG_WARN_INFINITE_RECURSION = YES;
				CLANG_WARN_INT_CONVERSION = YES;
				CLANG_WARN_NON_LITERAL_NULL_CONVERSION = YES;
				CLANG_WARN_OBJC_IMPLICIT_RETAIN_SELF = YES;
				CLANG_WARN_OBJC_LITERAL_CONVERSION = YES;
				CLANG_WARN_OBJC_ROOT_CLASS = YES_ERROR;
				CLANG_WARN_QUOTED_INCLUDE_IN_FRAMEWORK_HEADER = YES;
				CLANG_WARN_RANGE_LOOP_ANALYSIS = YES;
				CLANG_WARN_STRICT_PROTOTYPES = YES;
				CLANG_WARN_SUSPICIOUS_MOVE = YES;
				CLANG_WARN_UNGUARDED_AVAILABILITY = YES_AGGRESSIVE;
				CLANG_WARN_UNREACHABLE_CODE = YES;
				CLANG_WARN__DUPLICATE_METHOD_MATCH = YES;
				COPY_PHASE_STRIP = NO;
				DEBUG_INFORMATION_FORMAT = dwarf;
				DEVELOPMENT_TEAM = 4YARQ6JY88;
				ENABLE_STRICT_OBJC_MSGSEND = YES;
				ENABLE_TESTABILITY = YES;
				ENABLE_USER_SCRIPT_SANDBOXING = YES;
				GCC_C_LANGUAGE_STANDARD = gnu17;
				GCC_DYNAMIC_NO_PIC = NO;
				GCC_NO_COMMON_BLOCKS = YES;
				GCC_OPTIMIZATION_LEVEL = 0;
				GCC_PREPROCESSOR_DEFINITIONS = (
					"DEBUG=1",
					"$(inherited)",
				);
				GCC_WARN_64_TO_32_BIT_CONVERSION = YES;
				GCC_WARN_ABOUT_RETURN_TYPE = YES_ERROR;
				GCC_WARN_UNDECLARED_SELECTOR = YES;
				GCC_WARN_UNINITIALIZED_AUTOS = YES_AGGRESSIVE;
				GCC_WARN_UNUSED_FUNCTION = YES;
				GCC_WARN_UNUSED_VARIABLE = YES;
				IPHONEOS_DEPLOYMENT_TARGET = 18.5;
				LOCALIZATION_PREFERS_STRING_CATALOGS = YES;
				MTL_ENABLE_DEBUG_INFO = INCLUDE_SOURCE;
				MTL_FAST_MATH = YES;
				ONLY_ACTIVE_ARCH = YES;
				SDKROOT = iphoneos;
				SWIFT_ACTIVE_COMPILATION_CONDITIONS = "DEBUG $(inherited)";
				SWIFT_OPTIMIZATION_LEVEL = "-Onone";
			};
			name = Debug;
		};
		B6023DEC2DECCF2F005C3BA3 /* Release */ = {
			isa = XCBuildConfiguration;
			buildSettings = {
				ALWAYS_SEARCH_USER_PATHS = NO;
				ASSETCATALOG_COMPILER_GENERATE_SWIFT_ASSET_SYMBOL_EXTENSIONS = YES;
				CLANG_ANALYZER_NONNULL = YES;
				CLANG_ANALYZER_NUMBER_OBJECT_CONVERSION = YES_AGGRESSIVE;
				CLANG_CXX_LANGUAGE_STANDARD = "gnu++20";
				CLANG_ENABLE_MODULES = YES;
				CLANG_ENABLE_OBJC_ARC = YES;
				CLANG_ENABLE_OBJC_WEAK = YES;
				CLANG_WARN_BLOCK_CAPTURE_AUTORELEASING = YES;
				CLANG_WARN_BOOL_CONVERSION = YES;
				CLANG_WARN_COMMA = YES;
				CLANG_WARN_CONSTANT_CONVERSION = YES;
				CLANG_WARN_DEPRECATED_OBJC_IMPLEMENTATIONS = YES;
				CLANG_WARN_DIRECT_OBJC_ISA_USAGE = YES_ERROR;
				CLANG_WARN_DOCUMENTATION_COMMENTS = YES;
				CLANG_WARN_EMPTY_BODY = YES;
				CLANG_WARN_ENUM_CONVERSION = YES;
				CLANG_WARN_INFINITE_RECURSION = YES;
				CLANG_WARN_INT_CONVERSION = YES;
				CLANG_WARN_NON_LITERAL_NULL_CONVERSION = YES;
				CLANG_WARN_OBJC_IMPLICIT_RETAIN_SELF = YES;
				CLANG_WARN_OBJC_LITERAL_CONVERSION = YES;
				CLANG_WARN_OBJC_ROOT_CLASS = YES_ERROR;
				CLANG_WARN_QUOTED_INCLUDE_IN_FRAMEWORK_HEADER = YES;
				CLANG_WARN_RANGE_LOOP_ANALYSIS = YES;
				CLANG_WARN_STRICT_PROTOTYPES = YES;
				CLANG_WARN_SUSPICIOUS_MOVE = YES;
				CLANG_WARN_UNGUARDED_AVAILABILITY = YES_AGGRESSIVE;
				CLANG_WARN_UNREACHABLE_CODE = YES;
				CLANG_WARN__DUPLICATE_METHOD_MATCH = YES;
				COPY_PHASE_STRIP = NO;
				DEBUG_INFORMATION_FORMAT = "dwarf-with-dsym";
				DEVELOPMENT_TEAM = 4YARQ6JY88;
				ENABLE_NS_ASSERTIONS = NO;
				ENABLE_STRICT_OBJC_MSGSEND = YES;
				ENABLE_USER_SCRIPT_SANDBOXING = YES;
				GCC_C_LANGUAGE_STANDARD = gnu17;
				GCC_NO_COMMON_BLOCKS = YES;
				GCC_WARN_64_TO_32_BIT_CONVERSION = YES;
				GCC_WARN_ABOUT_RETURN_TYPE = YES_ERROR;
				GCC_WARN_UNDECLARED_SELECTOR = YES;
				GCC_WARN_UNINITIALIZED_AUTOS = YES_AGGRESSIVE;
				GCC_WARN_UNUSED_FUNCTION = YES;
				GCC_WARN_UNUSED_VARIABLE = YES;
				IPHONEOS_DEPLOYMENT_TARGET = 18.5;
				LOCALIZATION_PREFERS_STRING_CATALOGS = YES;
				MTL_ENABLE_DEBUG_INFO = NO;
				MTL_FAST_MATH = YES;
				SDKROOT = iphoneos;
				SWIFT_COMPILATION_MODE = wholemodule;
				VALIDATE_PRODUCT = YES;
			};
			name = Release;
		};
		B6023DEE2DECCF2F005C3BA3 /* Debug */ = {
			isa = XCBuildConfiguration;
			buildSettings = {
				ASSETCATALOG_COMPILER_APPICON_NAME = AppIcon;
				ASSETCATALOG_COMPILER_GLOBAL_ACCENT_COLOR_NAME = AccentColor;
				CODE_SIGN_STYLE = Automatic;
				CURRENT_PROJECT_VERSION = 1;
				DEVELOPMENT_TEAM = 4YARQ6JY88;
				ENABLE_PREVIEWS = YES;
				GENERATE_INFOPLIST_FILE = YES;
				INFOPLIST_KEY_UIApplicationSceneManifest_Generation = YES;
				INFOPLIST_KEY_UIApplicationSupportsIndirectInputEvents = YES;
				INFOPLIST_KEY_UILaunchScreen_Generation = YES;
				INFOPLIST_KEY_UISupportedInterfaceOrientations_iPad = "UIInterfaceOrientationPortrait UIInterfaceOrientationPortraitUpsideDown UIInterfaceOrientationLandscapeLeft UIInterfaceOrientationLandscapeRight";
				INFOPLIST_KEY_UISupportedInterfaceOrientations_iPhone = "UIInterfaceOrientationPortrait UIInterfaceOrientationLandscapeLeft UIInterfaceOrientationLandscapeRight";
				LD_RUNPATH_SEARCH_PATHS = (
					"$(inherited)",
					"@executable_path/Frameworks",
				);
				MARKETING_VERSION = 1.0;
				PRODUCT_BUNDLE_IDENTIFIER = omp.mitgliederinfo;
				PRODUCT_NAME = "$(TARGET_NAME)";
				SWIFT_EMIT_LOC_STRINGS = YES;
				SWIFT_VERSION = 5.0;
				TARGETED_DEVICE_FAMILY = "1,2";
			};
			name = Debug;
		};
		B6023DEF2DECCF2F005C3BA3 /* Release */ = {
			isa = XCBuildConfiguration;
			buildSettings = {
				ASSETCATALOG_COMPILER_APPICON_NAME = AppIcon;
				ASSETCATALOG_COMPILER_GLOBAL_ACCENT_COLOR_NAME = AccentColor;
				CODE_SIGN_STYLE = Automatic;
				CURRENT_PROJECT_VERSION = 1;
				DEVELOPMENT_TEAM = 4YARQ6JY88;
				ENABLE_PREVIEWS = YES;
				GENERATE_INFOPLIST_FILE = YES;
				INFOPLIST_KEY_UIApplicationSceneManifest_Generation = YES;
				INFOPLIST_KEY_UIApplicationSupportsIndirectInputEvents = YES;
				INFOPLIST_KEY_UILaunchScreen_Generation = YES;
				INFOPLIST_KEY_UISupportedInterfaceOrientations_iPad = "UIInterfaceOrientationPortrait UIInterfaceOrientationPortraitUpsideDown UIInterfaceOrientationLandscapeLeft UIInterfaceOrientationLandscapeRight";
				INFOPLIST_KEY_UISupportedInterfaceOrientations_iPhone = "UIInterfaceOrientationPortrait UIInterfaceOrientationLandscapeLeft UIInterfaceOrientationLandscapeRight";
				LD_RUNPATH_SEARCH_PATHS = (
					"$(inherited)",
					"@executable_path/Frameworks",
				);
				MARKETING_VERSION = 1.0;
				PRODUCT_BUNDLE_IDENTIFIER = omp.mitgliederinfo;
				PRODUCT_NAME = "$(TARGET_NAME)";
				SWIFT_EMIT_LOC_STRINGS = YES;
				SWIFT_VERSION = 5.0;
				TARGETED_DEVICE_FAMILY = "1,2";
			};
			name = Release;
		};
		B6023DF12DECCF2F005C3BA3 /* Debug */ = {
			isa = XCBuildConfiguration;
			buildSettings = {
				BUNDLE_LOADER = "$(TEST_HOST)";
				CODE_SIGN_STYLE = Automatic;
				CURRENT_PROJECT_VERSION = 1;
				DEVELOPMENT_TEAM = 4YARQ6JY88;
				GENERATE_INFOPLIST_FILE = YES;
				IPHONEOS_DEPLOYMENT_TARGET = 18.5;
				MARKETING_VERSION = 1.0;
				PRODUCT_BUNDLE_IDENTIFIER = omp.mitgliederinfoTests;
				PRODUCT_NAME = "$(TARGET_NAME)";
				SWIFT_EMIT_LOC_STRINGS = NO;
				SWIFT_VERSION = 5.0;
				TARGETED_DEVICE_FAMILY = "1,2";
				TEST_HOST = "$(BUILT_PRODUCTS_DIR)/mitgliederinfo.app/$(BUNDLE_EXECUTABLE_FOLDER_PATH)/mitgliederinfo";
			};
			name = Debug;
		};
		B6023DF22DECCF2F005C3BA3 /* Release */ = {
			isa = XCBuildConfiguration;
			buildSettings = {
				BUNDLE_LOADER = "$(TEST_HOST)";
				CODE_SIGN_STYLE = Automatic;
				CURRENT_PROJECT_VERSION = 1;
				DEVELOPMENT_TEAM = 4YARQ6JY88;
				GENERATE_INFOPLIST_FILE = YES;
				IPHONEOS_DEPLOYMENT_TARGET = 18.5;
				MARKETING_VERSION = 1.0;
				PRODUCT_BUNDLE_IDENTIFIER = omp.mitgliederinfoTests;
				PRODUCT_NAME = "$(TARGET_NAME)";
				SWIFT_EMIT_LOC_STRINGS = NO;
				SWIFT_VERSION = 5.0;
				TARGETED_DEVICE_FAMILY = "1,2";
				TEST_HOST = "$(BUILT_PRODUCTS_DIR)/mitgliederinfo.app/$(BUNDLE_EXECUTABLE_FOLDER_PATH)/mitgliederinfo";
			};
			name = Release;
		};
		B6023DF42DECCF2F005C3BA3 /* Debug */ = {
			isa = XCBuildConfiguration;
			buildSettings = {
				CODE_SIGN_STYLE = Automatic;
				CURRENT_PROJECT_VERSION = 1;
				DEVELOPMENT_TEAM = 4YARQ6JY88;
				GENERATE_INFOPLIST_FILE = YES;
				MARKETING_VERSION = 1.0;
				PRODUCT_BUNDLE_IDENTIFIER = omp.mitgliederinfoUITests;
				PRODUCT_NAME = "$(TARGET_NAME)";
				SWIFT_EMIT_LOC_STRINGS = NO;
				SWIFT_VERSION = 5.0;
				TARGETED_DEVICE_FAMILY = "1,2";
				TEST_TARGET_NAME = mitgliederinfo;
			};
			name = Debug;
		};
		B6023DF52DECCF2F005C3BA3 /* Release */ = {
			isa = XCBuildConfiguration;
			buildSettings = {
				CODE_SIGN_STYLE = Automatic;
				CURRENT_PROJECT_VERSION = 1;
				DEVELOPMENT_TEAM = 4YARQ6JY88;
				GENERATE_INFOPLIST_FILE = YES;
				MARKETING_VERSION = 1.0;
				PRODUCT_BUNDLE_IDENTIFIER = omp.mitgliederinfoUITests;
				PRODUCT_NAME = "$(TARGET_NAME)";
				SWIFT_EMIT_LOC_STRINGS = NO;
				SWIFT_VERSION = 5.0;
				TARGETED_DEVICE_FAMILY = "1,2";
				TEST_TARGET_NAME = mitgliederinfo;
			};
			name = Release;
		};
/* End XCBuildConfiguration section */

/* Begin XCConfigurationList section */
		B6023DC72DECCF2E005C3BA3 /* Build configuration list for PBXProject "mitgliederinfo" */ = {
			isa = XCConfigurationList;
			buildConfigurations = (
				B6023DEB2DECCF2F005C3BA3 /* Debug */,
				B6023DEC2DECCF2F005C3BA3 /* Release */,
			);
			defaultConfigurationIsVisible = 0;
			defaultConfigurationName = Release;
		};
		B6023DED2DECCF2F005C3BA3 /* Build configuration list for PBXNativeTarget "mitgliederinfo" */ = {
			isa = XCConfigurationList;
			buildConfigurations = (
				B6023DEE2DECCF2F005C3BA3 /* Debug */,
				B6023DEF2DECCF2F005C3BA3 /* Release */,
			);
			defaultConfigurationIsVisible = 0;
			defaultConfigurationName = Release;
		};
		B6023DF02DECCF2F005C3BA3 /* Build configuration list for PBXNativeTarget "mitgliederinfoTests" */ = {
			isa = XCConfigurationList;
			buildConfigurations = (
				B6023DF12DECCF2F005C3BA3 /* Debug */,
				B6023DF22DECCF2F005C3BA3 /* Release */,
			);
			defaultConfigurationIsVisible = 0;
			defaultConfigurationName = Release;
		};
		B6023DF32DECCF2F005C3BA3 /* Build configuration list for PBXNativeTarget "mitgliederinfoUITests" */ = {
			isa = XCConfigurationList;
			buildConfigurations = (
				B6023DF42DECCF2F005C3BA3 /* Debug */,
				B6023DF52DECCF2F005C3BA3 /* Release */,
			);
			defaultConfigurationIsVisible = 0;
			defaultConfigurationName = Release;
		};
/* End XCConfigurationList section */
	};
	rootObject = B6023DC42DECCF2E005C3BA3 /* Project object */;
}
